
Microsoft Visual Studio Solution File, Format Version 12.00
# Visual Studio 15
VisualStudioVersion = 15.0.26124.0
MinimumVisualStudioVersion = 15.0.26124.0
Project("{2150E333-8FDC-42A3-9474-1A3956D46DE8}") = "src", "src", "{27D9D586-5714-4558-98A9-ABD3899455AA}"
EndProject
Project("{F2A71F9B-5D33-465A-A702-920D77279786}") = "LPMentor.Core", "src\LPMentor.Core\LPMentor.Core.fsproj", "{02B8A9D9-02B4-4C19-B2AD-7780E6607CEB}"
EndProject
Project("{F2A71F9B-5D33-465A-A702-920D77279786}") = "LPMentor.ConsoleTool", "src\LPMentor.ConsoleTool\LPMentor.ConsoleTool.fsproj", "{AD496438-2D09-4B20-9921-0377D31A7131}"
EndProject
Project("{F2A71F9B-5D33-465A-A702-920D77279786}") = "LPMentor_Durable", "src\LPMentor.Durable\LPMentor_Durable.fsproj", "{C817DD93-6E66-4292-9F6E-D825B602D881}"
EndProject
Project("{2150E333-8FDC-42A3-9474-1A3956D46DE8}") = "LPMentor.Web", "LPMentor.Web", "{6E9E2C0E-FE4F-42E3-BEF2-10A802179DED}"
EndProject
Project("{2150E333-8FDC-42A3-9474-1A3956D46DE8}") = "src", "src", "{7540A386-4386-4C65-B10B-C82669BFB2E3}"
EndProject
Project("{F2A71F9B-5D33-465A-A702-920D77279786}") = "Client", "src\LPMentor.Web\src\Client\Client.fsproj", "{A73B29AD-B060-4A32-903C-B3BEABCCFEEC}"
EndProject
Project("{F2A71F9B-5D33-465A-A702-920D77279786}") = "Server", "src\LPMentor.Web\src\Server\Server.fsproj", "{77345D66-7E00-496F-950D-33C9BDF9FA52}"
EndProject
Global
	GlobalSection(SolutionConfigurationPlatforms) = preSolution
		Debug|Any CPU = Debug|Any CPU
		Debug|x64 = Debug|x64
		Debug|x86 = Debug|x86
		Release|Any CPU = Release|Any CPU
		Release|x64 = Release|x64
		Release|x86 = Release|x86
	EndGlobalSection
	GlobalSection(SolutionProperties) = preSolution
		HideSolutionNode = FALSE
	EndGlobalSection
	GlobalSection(ProjectConfigurationPlatforms) = postSolution
		{02B8A9D9-02B4-4C19-B2AD-7780E6607CEB}.Debug|Any CPU.ActiveCfg = Debug|Any CPU
		{02B8A9D9-02B4-4C19-B2AD-7780E6607CEB}.Debug|Any CPU.Build.0 = Debug|Any CPU
		{02B8A9D9-02B4-4C19-B2AD-7780E6607CEB}.Debug|x64.ActiveCfg = Debug|Any CPU
		{02B8A9D9-02B4-4C19-B2AD-7780E6607CEB}.Debug|x64.Build.0 = Debug|Any CPU
		{02B8A9D9-02B4-4C19-B2AD-7780E6607CEB}.Debug|x86.ActiveCfg = Debug|Any CPU
		{02B8A9D9-02B4-4C19-B2AD-7780E6607CEB}.Debug|x86.Build.0 = Debug|Any CPU
		{02B8A9D9-02B4-4C19-B2AD-7780E6607CEB}.Release|Any CPU.ActiveCfg = Release|Any CPU
		{02B8A9D9-02B4-4C19-B2AD-7780E6607CEB}.Release|Any CPU.Build.0 = Release|Any CPU
		{02B8A9D9-02B4-4C19-B2AD-7780E6607CEB}.Release|x64.ActiveCfg = Release|Any CPU
		{02B8A9D9-02B4-4C19-B2AD-7780E6607CEB}.Release|x64.Build.0 = Release|Any CPU
		{02B8A9D9-02B4-4C19-B2AD-7780E6607CEB}.Release|x86.ActiveCfg = Release|Any CPU
		{02B8A9D9-02B4-4C19-B2AD-7780E6607CEB}.Release|x86.Build.0 = Release|Any CPU
		{AD496438-2D09-4B20-9921-0377D31A7131}.Debug|Any CPU.ActiveCfg = Debug|Any CPU
		{AD496438-2D09-4B20-9921-0377D31A7131}.Debug|Any CPU.Build.0 = Debug|Any CPU
		{AD496438-2D09-4B20-9921-0377D31A7131}.Debug|x64.ActiveCfg = Debug|Any CPU
		{AD496438-2D09-4B20-9921-0377D31A7131}.Debug|x64.Build.0 = Debug|Any CPU
		{AD496438-2D09-4B20-9921-0377D31A7131}.Debug|x86.ActiveCfg = Debug|Any CPU
		{AD496438-2D09-4B20-9921-0377D31A7131}.Debug|x86.Build.0 = Debug|Any CPU
		{AD496438-2D09-4B20-9921-0377D31A7131}.Release|Any CPU.ActiveCfg = Release|Any CPU
		{AD496438-2D09-4B20-9921-0377D31A7131}.Release|Any CPU.Build.0 = Release|Any CPU
		{AD496438-2D09-4B20-9921-0377D31A7131}.Release|x64.ActiveCfg = Release|Any CPU
		{AD496438-2D09-4B20-9921-0377D31A7131}.Release|x64.Build.0 = Release|Any CPU
		{AD496438-2D09-4B20-9921-0377D31A7131}.Release|x86.ActiveCfg = Release|Any CPU
		{AD496438-2D09-4B20-9921-0377D31A7131}.Release|x86.Build.0 = Release|Any CPU
		{C817DD93-6E66-4292-9F6E-D825B602D881}.Debug|Any CPU.ActiveCfg = Debug|Any CPU
		{C817DD93-6E66-4292-9F6E-D825B602D881}.Debug|Any CPU.Build.0 = Debug|Any CPU
		{C817DD93-6E66-4292-9F6E-D825B602D881}.Debug|x64.ActiveCfg = Debug|Any CPU
		{C817DD93-6E66-4292-9F6E-D825B602D881}.Debug|x64.Build.0 = Debug|Any CPU
		{C817DD93-6E66-4292-9F6E-D825B602D881}.Debug|x86.ActiveCfg = Debug|Any CPU
		{C817DD93-6E66-4292-9F6E-D825B602D881}.Debug|x86.Build.0 = Debug|Any CPU
		{C817DD93-6E66-4292-9F6E-D825B602D881}.Release|Any CPU.ActiveCfg = Release|Any CPU
		{C817DD93-6E66-4292-9F6E-D825B602D881}.Release|Any CPU.Build.0 = Release|Any CPU
		{C817DD93-6E66-4292-9F6E-D825B602D881}.Release|x64.ActiveCfg = Release|Any CPU
		{C817DD93-6E66-4292-9F6E-D825B602D881}.Release|x64.Build.0 = Release|Any CPU
		{C817DD93-6E66-4292-9F6E-D825B602D881}.Release|x86.ActiveCfg = Release|Any CPU
		{C817DD93-6E66-4292-9F6E-D825B602D881}.Release|x86.Build.0 = Release|Any CPU
		{A73B29AD-B060-4A32-903C-B3BEABCCFEEC}.Debug|Any CPU.ActiveCfg = Debug|Any CPU
		{A73B29AD-B060-4A32-903C-B3BEABCCFEEC}.Debug|Any CPU.Build.0 = Debug|Any CPU
		{A73B29AD-B060-4A32-903C-B3BEABCCFEEC}.Debug|x64.ActiveCfg = Debug|Any CPU
		{A73B29AD-B060-4A32-903C-B3BEABCCFEEC}.Debug|x64.Build.0 = Debug|Any CPU
		{A73B29AD-B060-4A32-903C-B3BEABCCFEEC}.Debug|x86.ActiveCfg = Debug|Any CPU
		{A73B29AD-B060-4A32-903C-B3BEABCCFEEC}.Debug|x86.Build.0 = Debug|Any CPU
		{A73B29AD-B060-4A32-903C-B3BEABCCFEEC}.Release|Any CPU.ActiveCfg = Release|Any CPU
		{A73B29AD-B060-4A32-903C-B3BEABCCFEEC}.Release|Any CPU.Build.0 = Release|Any CPU
		{A73B29AD-B060-4A32-903C-B3BEABCCFEEC}.Release|x64.ActiveCfg = Release|Any CPU
		{A73B29AD-B060-4A32-903C-B3BEABCCFEEC}.Release|x64.Build.0 = Release|Any CPU
		{A73B29AD-B060-4A32-903C-B3BEABCCFEEC}.Release|x86.ActiveCfg = Release|Any CPU
		{A73B29AD-B060-4A32-903C-B3BEABCCFEEC}.Release|x86.Build.0 = Release|Any CPU
		{77345D66-7E00-496F-950D-33C9BDF9FA52}.Debug|Any CPU.ActiveCfg = Debug|Any CPU
		{77345D66-7E00-496F-950D-33C9BDF9FA52}.Debug|Any CPU.Build.0 = Debug|Any CPU
		{77345D66-7E00-496F-950D-33C9BDF9FA52}.Debug|x64.ActiveCfg = Debug|Any CPU
		{77345D66-7E00-496F-950D-33C9BDF9FA52}.Debug|x64.Build.0 = Debug|Any CPU
		{77345D66-7E00-496F-950D-33C9BDF9FA52}.Debug|x86.ActiveCfg = Debug|Any CPU
		{77345D66-7E00-496F-950D-33C9BDF9FA52}.Debug|x86.Build.0 = Debug|Any CPU
		{77345D66-7E00-496F-950D-33C9BDF9FA52}.Release|Any CPU.ActiveCfg = Release|Any CPU
		{77345D66-7E00-496F-950D-33C9BDF9FA52}.Release|Any CPU.Build.0 = Release|Any CPU
		{77345D66-7E00-496F-950D-33C9BDF9FA52}.Release|x64.ActiveCfg = Release|Any CPU
		{77345D66-7E00-496F-950D-33C9BDF9FA52}.Release|x64.Build.0 = Release|Any CPU
		{77345D66-7E00-496F-950D-33C9BDF9FA52}.Release|x86.ActiveCfg = Release|Any CPU
		{77345D66-7E00-496F-950D-33C9BDF9FA52}.Release|x86.Build.0 = Release|Any CPU
	EndGlobalSection
	GlobalSection(NestedProjects) = preSolution
		{02B8A9D9-02B4-4C19-B2AD-7780E6607CEB} = {27D9D586-5714-4558-98A9-ABD3899455AA}
		{AD496438-2D09-4B20-9921-0377D31A7131} = {27D9D586-5714-4558-98A9-ABD3899455AA}
		{C817DD93-6E66-4292-9F6E-D825B602D881} = {27D9D586-5714-4558-98A9-ABD3899455AA}
		{6E9E2C0E-FE4F-42E3-BEF2-10A802179DED} = {27D9D586-5714-4558-98A9-ABD3899455AA}
		{7540A386-4386-4C65-B10B-C82669BFB2E3} = {6E9E2C0E-FE4F-42E3-BEF2-10A802179DED}
		{A73B29AD-B060-4A32-903C-B3BEABCCFEEC} = {7540A386-4386-4C65-B10B-C82669BFB2E3}
		{77345D66-7E00-496F-950D-33C9BDF9FA52} = {7540A386-4386-4C65-B10B-C82669BFB2E3}
	EndGlobalSection
EndGlobal
